// !$*UTF8*$!
{
	archiveVersion = 1;
	classes = {
	};
	objectVersion = 56;
	objects = {

/* Begin PBXBuildFile section */
		7332387C2C10F8D5009B4A63 /* RedOrBlackApp.swift in Sources */ = {isa = PBXBuildFile; fileRef = 7332387B2C10F8D5009B4A63 /* RedOrBlackApp.swift */; };
		7332387E2C10F8D5009B4A63 /* ContentView.swift in Sources */ = {isa = PBXBuildFile; fileRef = 7332387D2C10F8D5009B4A63 /* ContentView.swift */; };
		733238802C10F8D7009B4A63 /* Assets.xcassets in Resources */ = {isa = PBXBuildFile; fileRef = 7332387F2C10F8D7009B4A63 /* Assets.xcassets */; };
		733238832C10F8D7009B4A63 /* Preview Assets.xcassets in Resources */ = {isa = PBXBuildFile; fileRef = 733238822C10F8D7009B4A63 /* Preview Assets.xcassets */; };
		734A98122C60001C008AC513 /* ding.wav in Resources */ = {isa = PBXBuildFile; fileRef = 734A98112C60001B008AC513 /* ding.wav */; };
		734A98152C601217008AC513 /* music1.mp3 in Resources */ = {isa = PBXBuildFile; fileRef = 734A98142C601217008AC513 /* music1.mp3 */; };
		734A98182C62B18A008AC513 /* flip.wave in Resources */ = {isa = PBXBuildFile; fileRef = 734A98172C62B18A008AC513 /* flip.wave */; };
		73B5C17C2C7CC10C00A213C6 /* GoogleMobileAds in Frameworks */ = {isa = PBXBuildFile; productRef = 73B5C17B2C7CC10C00A213C6 /* GoogleMobileAds */; };
		73B5C1802C88B37400A213C6 /* GoogleService-Info.plist in Resources */ = {isa = PBXBuildFile; fileRef = 73B5C17F2C88B37400A213C6 /* GoogleService-Info.plist */; };
		73F38AC62C2613CE003D0848 /* FlipCard.wav in Resources */ = {isa = PBXBuildFile; fileRef = 73F38AC42C2613CE003D0848 /* FlipCard.wav */; };
/* End PBXBuildFile section */

/* Begin PBXFileReference section */
		7332387B2C10F8D5009B4A63 /* RedOrBlackApp.swift */ = {isa = PBXFileReference; lastKnownFileType = sourcecode.swift; path = RedOrBlackApp.swift; sourceTree = "<group>"; };
		7332387D2C10F8D5009B4A63 /* ContentView.swift */ = {isa = PBXFileReference; lastKnownFileType = sourcecode.swift; path = ContentView.swift; sourceTree = "<group>"; wrapsLines = 1; };
		7332387F2C10F8D7009B4A63 /* Assets.xcassets */ = {isa = PBXFileReference; lastKnownFileType = folder.assetcatalog; path = Assets.xcassets; sourceTree = "<group>"; };
		733238822C10F8D7009B4A63 /* Preview Assets.xcassets */ = {isa = PBXFileReference; lastKnownFileType = folder.assetcatalog; path = "Preview Assets.xcassets"; sourceTree = "<group>"; };
		734A98112C60001B008AC513 /* ding.wav */ = {isa = PBXFileReference; lastKnownFileType = audio.wav; path = ding.wav; sourceTree = "<group>"; };
		734A98142C601217008AC513 /* music1.mp3 */ = {isa = PBXFileReference; lastKnownFileType = audio.mp3; path = music1.mp3; sourceTree = "<group>"; };
		734A98172C62B18A008AC513 /* flip.wave */ = {isa = PBXFileReference; lastKnownFileType = file; path = flip.wave; sourceTree = "<group>"; };
		73B5C17F2C88B37400A213C6 /* GoogleService-Info.plist */ = {isa = PBXFileReference; fileEncoding = 4; lastKnownFileType = text.plist.xml; path = "GoogleService-Info.plist"; sourceTree = "<group>"; };
		73C912542C683AD000A4732E /* Red Or Black.app */ = {isa = PBXFileReference; explicitFileType = wrapper.application; includeInIndex = 0; path = "Red Or Black.app"; sourceTree = BUILT_PRODUCTS_DIR; };
		73F38AC42C2613CE003D0848 /* FlipCard.wav */ = {isa = PBXFileReference; lastKnownFileType = audio.wav; path = FlipCard.wav; sourceTree = "<group>"; };
/* End PBXFileReference section */

/* Begin PBXFrameworksBuildPhase section */
		733238752C10F8D5009B4A63 /* Frameworks */ = {
			isa = PBXFrameworksBuildPhase;
			buildActionMask = 2147483647;
			files = (
				73B5C17C2C7CC10C00A213C6 /* GoogleMobileAds in Frameworks */,
			);
			runOnlyForDeploymentPostprocessing = 0;
		};
/* End PBXFrameworksBuildPhase section */

/* Begin PBXGroup section */
		7332386F2C10F8D5009B4A63 = {
			isa = PBXGroup;
			children = (
				7332387A2C10F8D5009B4A63 /* App */,
				73C912542C683AD000A4732E /* Red Or Black.app */,
				73B5C17A2C7CC10C00A213C6 /* Frameworks */,
			);
			sourceTree = "<group>";
		};
		7332387A2C10F8D5009B4A63 /* App */ = {
			isa = PBXGroup;
			children = (
				734A98142C601217008AC513 /* music1.mp3 */,
				734A98172C62B18A008AC513 /* flip.wave */,
				734A98112C60001B008AC513 /* ding.wav */,
				7332387B2C10F8D5009B4A63 /* RedOrBlackApp.swift */,
				7332387D2C10F8D5009B4A63 /* ContentView.swift */,
				73B5C17F2C88B37400A213C6 /* GoogleService-Info.plist */,
				7332387F2C10F8D7009B4A63 /* Assets.xcassets */,
				733238812C10F8D7009B4A63 /* Preview Content */,
			);
			path = App;
			sourceTree = "<group>";
		};
		733238812C10F8D7009B4A63 /* Preview Content */ = {
			isa = PBXGroup;
			children = (
				73F38AC52C2613CE003D0848 /* Sounds */,
				733238822C10F8D7009B4A63 /* Preview Assets.xcassets */,
			);
			path = "Preview Content";
			sourceTree = "<group>";
		};
		73B5C17A2C7CC10C00A213C6 /* Frameworks */ = {
			isa = PBXGroup;
			children = (
			);
			name = Frameworks;
			sourceTree = "<group>";
		};
		73F38AC52C2613CE003D0848 /* Sounds */ = {
			isa = PBXGroup;
			children = (
				73F38AC42C2613CE003D0848 /* FlipCard.wav */,
			);
			path = Sounds;
			sourceTree = "<group>";
		};
/* End PBXGroup section */

/* Begin PBXNativeTarget section */
		733238772C10F8D5009B4A63 /* Red Or Black */ = {
			isa = PBXNativeTarget;
			buildConfigurationList = 733238862C10F8D7009B4A63 /* Build configuration list for PBXNativeTarget "Red Or Black" */;
			buildPhases = (
				733238742C10F8D5009B4A63 /* Sources */,
				733238752C10F8D5009B4A63 /* Frameworks */,
				733238762C10F8D5009B4A63 /* Resources */,
			);
			buildRules = (
			);
			dependencies = (
			);
			name = "Red Or Black";
			packageProductDependencies = (
				73B5C17B2C7CC10C00A213C6 /* GoogleMobileAds */,
			);
			productName = App;
			productReference = 73C912542C683AD000A4732E /* Red Or Black.app */;
			productType = "com.apple.product-type.application";
		};
/* End PBXNativeTarget section */

/* Begin PBXProject section */
		733238702C10F8D5009B4A63 /* Project object */ = {
			isa = PBXProject;
			attributes = {
				BuildIndependentTargetsInParallel = 1;
				LastSwiftUpdateCheck = 1540;
				LastUpgradeCheck = 1540;
				TargetAttributes = {
					733238772C10F8D5009B4A63 = {
						CreatedOnToolsVersion = 15.4;
					};
				};
			};
			buildConfigurationList = 733238732C10F8D5009B4A63 /* Build configuration list for PBXProject "Red Or Black" */;
			compatibilityVersion = "Xcode 14.0";
			developmentRegion = en;
			hasScannedForEncodings = 0;
			knownRegions = (
				en,
				Base,
			);
			mainGroup = 7332386F2C10F8D5009B4A63;
			packageReferences = (
				734A982C2C682CA8008AC513 /* XCRemoteSwiftPackageReference "swift-package-manager-google-mobile-ads" */,
			);
			productRefGroup = 7332386F2C10F8D5009B4A63;
			projectDirPath = "";
			projectRoot = "";
			targets = (
				733238772C10F8D5009B4A63 /* Red Or Black */,
			);
		};
/* End PBXProject section */

/* Begin PBXResourcesBuildPhase section */
		733238762C10F8D5009B4A63 /* Resources */ = {
			isa = PBXResourcesBuildPhase;
			buildActionMask = 2147483647;
			files = (
				734A98122C60001C008AC513 /* ding.wav in Resources */,
				734A98152C601217008AC513 /* music1.mp3 in Resources */,
				73F38AC62C2613CE003D0848 /* FlipCard.wav in Resources */,
				733238832C10F8D7009B4A63 /* Preview Assets.xcassets in Resources */,
				734A98182C62B18A008AC513 /* flip.wave in Resources */,
				733238802C10F8D7009B4A63 /* Assets.xcassets in Resources */,
				73B5C1802C88B37400A213C6 /* GoogleService-Info.plist in Resources */,
			);
			runOnlyForDeploymentPostprocessing = 0;
		};
/* End PBXResourcesBuildPhase section */

/* Begin PBXSourcesBuildPhase section */
		733238742C10F8D5009B4A63 /* Sources */ = {
			isa = PBXSourcesBuildPhase;
			buildActionMask = 2147483647;
			files = (
				7332387E2C10F8D5009B4A63 /* ContentView.swift in Sources */,
				7332387C2C10F8D5009B4A63 /* RedOrBlackApp.swift in Sources */,
			);
			runOnlyForDeploymentPostprocessing = 0;
		};
/* End PBXSourcesBuildPhase section */

/* Begin XCBuildConfiguration section */
		733238842C10F8D7009B4A63 /* Debug */ = {
			isa = XCBuildConfiguration;
			buildSettings = {
				ALWAYS_SEARCH_USER_PATHS = NO;
				ASSETCATALOG_COMPILER_GENERATE_SWIFT_ASSET_SYMBOL_EXTENSIONS = YES;
				CLANG_ANALYZER_NONNULL = YES;
				CLANG_ANALYZER_NUMBER_OBJECT_CONVERSION = YES_AGGRESSIVE;
				CLANG_CXX_LANGUAGE_STANDARD = "gnu++20";
				CLANG_ENABLE_MODULES = YES;
				CLANG_ENABLE_OBJC_ARC = YES;
				CLANG_ENABLE_OBJC_WEAK = YES;
				CLANG_WARN_BLOCK_CAPTURE_AUTORELEASING = YES;
				CLANG_WARN_BOOL_CONVERSION = YES;
				CLANG_WARN_COMMA = YES;
				CLANG_WARN_CONSTANT_CONVERSION = YES;
				CLANG_WARN_DEPRECATED_OBJC_IMPLEMENTATIONS = YES;
				CLANG_WARN_DIRECT_OBJC_ISA_USAGE = YES_ERROR;
				CLANG_WARN_DOCUMENTATION_COMMENTS = YES;
				CLANG_WARN_EMPTY_BODY = YES;
				CLANG_WARN_ENUM_CONVERSION = YES;
				CLANG_WARN_INFINITE_RECURSION = YES;
				CLANG_WARN_INT_CONVERSION = YES;
				CLANG_WARN_NON_LITERAL_NULL_CONVERSION = YES;
				CLANG_WARN_OBJC_IMPLICIT_RETAIN_SELF = YES;
				CLANG_WARN_OBJC_LITERAL_CONVERSION = YES;
				CLANG_WARN_OBJC_ROOT_CLASS = YES_ERROR;
				CLANG_WARN_QUOTED_INCLUDE_IN_FRAMEWORK_HEADER = YES;
				CLANG_WARN_RANGE_LOOP_ANALYSIS = YES;
				CLANG_WARN_STRICT_PROTOTYPES = YES;
				CLANG_WARN_SUSPICIOUS_MOVE = YES;
				CLANG_WARN_UNGUARDED_AVAILABILITY = YES_AGGRESSIVE;
				CLANG_WARN_UNREACHABLE_CODE = YES;
				CLANG_WARN__DUPLICATE_METHOD_MATCH = YES;
				COPY_PHASE_STRIP = NO;
				DEBUG_INFORMATION_FORMAT = dwarf;
				ENABLE_STRICT_OBJC_MSGSEND = YES;
				ENABLE_TESTABILITY = YES;
				ENABLE_USER_SCRIPT_SANDBOXING = YES;
				GCC_C_LANGUAGE_STANDARD = gnu17;
				GCC_DYNAMIC_NO_PIC = NO;
				GCC_NO_COMMON_BLOCKS = YES;
				GCC_OPTIMIZATION_LEVEL = 0;
				GCC_PREPROCESSOR_DEFINITIONS = (
					"DEBUG=1",
					"$(inherited)",
				);
				GCC_WARN_64_TO_32_BIT_CONVERSION = YES;
				GCC_WARN_ABOUT_RETURN_TYPE = YES_ERROR;
				GCC_WARN_UNDECLARED_SELECTOR = YES;
				GCC_WARN_UNINITIALIZED_AUTOS = YES_AGGRESSIVE;
				GCC_WARN_UNUSED_FUNCTION = YES;
				GCC_WARN_UNUSED_VARIABLE = YES;
				IPHONEOS_DEPLOYMENT_TARGET = 16.0;
				LOCALIZATION_PREFERS_STRING_CATALOGS = YES;
				MTL_ENABLE_DEBUG_INFO = INCLUDE_SOURCE;
				MTL_FAST_MATH = YES;
				ONLY_ACTIVE_ARCH = YES;
				OTHER_LDFLAGS = "";
				SDKROOT = iphoneos;
				SWIFT_ACTIVE_COMPILATION_CONDITIONS = "DEBUG $(inherited)";
				SWIFT_OPTIMIZATION_LEVEL = "-Onone";
			};
			name = Debug;
		};
		733238852C10F8D7009B4A63 /* Release */ = {
			isa = XCBuildConfiguration;
			buildSettings = {
				ALWAYS_SEARCH_USER_PATHS = NO;
				ASSETCATALOG_COMPILER_GENERATE_SWIFT_ASSET_SYMBOL_EXTENSIONS = YES;
				CLANG_ANALYZER_NONNULL = YES;
				CLANG_ANALYZER_NUMBER_OBJECT_CONVERSION = YES_AGGRESSIVE;
				CLANG_CXX_LANGUAGE_STANDARD = "gnu++20";
				CLANG_ENABLE_MODULES = YES;
				CLANG_ENABLE_OBJC_ARC = YES;
				CLANG_ENABLE_OBJC_WEAK = YES;
				CLANG_WARN_BLOCK_CAPTURE_AUTORELEASING = YES;
				CLANG_WARN_BOOL_CONVERSION = YES;
				CLANG_WARN_COMMA = YES;
				CLANG_WARN_CONSTANT_CONVERSION = YES;
				CLANG_WARN_DEPRECATED_OBJC_IMPLEMENTATIONS = YES;
				CLANG_WARN_DIRECT_OBJC_ISA_USAGE = YES_ERROR;
				CLANG_WARN_DOCUMENTATION_COMMENTS = YES;
				CLANG_WARN_EMPTY_BODY = YES;
				CLANG_WARN_ENUM_CONVERSION = YES;
				CLANG_WARN_INFINITE_RECURSION = YES;
				CLANG_WARN_INT_CONVERSION = YES;
				CLANG_WARN_NON_LITERAL_NULL_CONVERSION = YES;
				CLANG_WARN_OBJC_IMPLICIT_RETAIN_SELF = YES;
				CLANG_WARN_OBJC_LITERAL_CONVERSION = YES;
				CLANG_WARN_OBJC_ROOT_CLASS = YES_ERROR;
				CLANG_WARN_QUOTED_INCLUDE_IN_FRAMEWORK_HEADER = YES;
				CLANG_WARN_RANGE_LOOP_ANALYSIS = YES;
				CLANG_WARN_STRICT_PROTOTYPES = YES;
				CLANG_WARN_SUSPICIOUS_MOVE = YES;
				CLANG_WARN_UNGUARDED_AVAILABILITY = YES_AGGRESSIVE;
				CLANG_WARN_UNREACHABLE_CODE = YES;
				CLANG_WARN__DUPLICATE_METHOD_MATCH = YES;
				COPY_PHASE_STRIP = NO;
				DEBUG_INFORMATION_FORMAT = "dwarf-with-dsym";
				ENABLE_NS_ASSERTIONS = NO;
				ENABLE_STRICT_OBJC_MSGSEND = YES;
				ENABLE_USER_SCRIPT_SANDBOXING = YES;
				GCC_C_LANGUAGE_STANDARD = gnu17;
				GCC_NO_COMMON_BLOCKS = YES;
				GCC_WARN_64_TO_32_BIT_CONVERSION = YES;
				GCC_WARN_ABOUT_RETURN_TYPE = YES_ERROR;
				GCC_WARN_UNDECLARED_SELECTOR = YES;
				GCC_WARN_UNINITIALIZED_AUTOS = YES_AGGRESSIVE;
				GCC_WARN_UNUSED_FUNCTION = YES;
				GCC_WARN_UNUSED_VARIABLE = YES;
				IPHONEOS_DEPLOYMENT_TARGET = 16.0;
				LOCALIZATION_PREFERS_STRING_CATALOGS = YES;
				MTL_ENABLE_DEBUG_INFO = NO;
				MTL_FAST_MATH = YES;
				OTHER_LDFLAGS = "";
				SDKROOT = iphoneos;
				SWIFT_COMPILATION_MODE = wholemodule;
				VALIDATE_PRODUCT = YES;
			};
			name = Release;
		};
		733238872C10F8D7009B4A63 /* Debug */ = {
			isa = XCBuildConfiguration;
			buildSettings = {
				ASSETCATALOG_COMPILER_APPICON_NAME = AppIcon;
				ASSETCATALOG_COMPILER_GLOBAL_ACCENT_COLOR_NAME = AccentColor;
				CODE_SIGN_STYLE = Automatic;
				CURRENT_PROJECT_VERSION = 1;
				DEVELOPMENT_ASSET_PATHS = "\"App/Preview Content\"";
				DEVELOPMENT_TEAM = ZCPF9X7N5D;
				ENABLE_PREVIEWS = YES;
				EXCLUDED_ARCHS = "";
				"EXCLUDED_ARCHS[sdk=*]" = "";
				GENERATE_INFOPLIST_FILE = YES;
				INFOPLIST_FILE = "Red-Or-Black-Info.plist";
				INFOPLIST_KEY_CFBundleDisplayName = "Red or Black";
				INFOPLIST_KEY_LSApplicationCategoryType = "public.app-category.card-games";
				INFOPLIST_KEY_UIApplicationSceneManifest_Generation = YES;
				INFOPLIST_KEY_UIApplicationSupportsIndirectInputEvents = YES;
				INFOPLIST_KEY_UILaunchScreen_Generation = YES;
				INFOPLIST_KEY_UIStatusBarStyle = "";
				INFOPLIST_KEY_UISupportedInterfaceOrientations = UIInterfaceOrientationPortrait;
				IPHONEOS_DEPLOYMENT_TARGET = 16.0;
				LD_RUNPATH_SEARCH_PATHS = (
					"$(inherited)",
					"@executable_path/Frameworks",
				);
				MARKETING_VERSION = 1.1;
				PRODUCT_BUNDLE_IDENTIFIER = com.shazzz.redblack;
				PRODUCT_NAME = "$(TARGET_NAME)";
				SUPPORTED_PLATFORMS = "iphoneos iphonesimulator";
				SUPPORTS_MACCATALYST = NO;
				SUPPORTS_MAC_DESIGNED_FOR_IPHONE_IPAD = NO;
				SUPPORTS_XR_DESIGNED_FOR_IPHONE_IPAD = NO;
				SWIFT_EMIT_LOC_STRINGS = YES;
				SWIFT_VERSION = 5.0;
				TARGETED_DEVICE_FAMILY = 1;
			};
			name = Debug;
		};
		733238882C10F8D7009B4A63 /* Release */ = {
			isa = XCBuildConfiguration;
			buildSettings = {
				ASSETCATALOG_COMPILER_APPICON_NAME = AppIcon;
				ASSETCATALOG_COMPILER_GLOBAL_ACCENT_COLOR_NAME = AccentColor;
				CODE_SIGN_STYLE = Automatic;
				CURRENT_PROJECT_VERSION = 1;
				DEVELOPMENT_ASSET_PATHS = "\"App/Preview Content\"";
				DEVELOPMENT_TEAM = ZCPF9X7N5D;
				ENABLE_PREVIEWS = YES;
				EXCLUDED_ARCHS = "";
				GENERATE_INFOPLIST_FILE = YES;
				INFOPLIST_FILE = "Red-Or-Black-Info.plist";
				INFOPLIST_KEY_CFBundleDisplayName = "Red or Black";
				INFOPLIST_KEY_LSApplicationCategoryType = "public.app-category.card-games";
				INFOPLIST_KEY_UIApplicationSceneManifest_Generation = YES;
				INFOPLIST_KEY_UIApplicationSupportsIndirectInputEvents = YES;
				INFOPLIST_KEY_UILaunchScreen_Generation = YES;
				INFOPLIST_KEY_UIStatusBarStyle = "";
				INFOPLIST_KEY_UISupportedInterfaceOrientations = UIInterfaceOrientationPortrait;
				IPHONEOS_DEPLOYMENT_TARGET = 16.0;
				LD_RUNPATH_SEARCH_PATHS = (
					"$(inherited)",
					"@executable_path/Frameworks",
				);
				MARKETING_VERSION = 1.1;
				PRODUCT_BUNDLE_IDENTIFIER = com.shazzz.redblack;
				PRODUCT_NAME = "$(TARGET_NAME)";
				SUPPORTED_PLATFORMS = "iphoneos iphonesimulator";
				SUPPORTS_MACCATALYST = NO;
				SUPPORTS_MAC_DESIGNED_FOR_IPHONE_IPAD = NO;
				SUPPORTS_XR_DESIGNED_FOR_IPHONE_IPAD = NO;
				SWIFT_EMIT_LOC_STRINGS = YES;
				SWIFT_VERSION = 5.0;
				TARGETED_DEVICE_FAMILY = 1;
			};
			name = Release;
		};
/* End XCBuildConfiguration section */

/* Begin XCConfigurationList section */
		733238732C10F8D5009B4A63 /* Build configuration list for PBXProject "Red Or Black" */ = {
			isa = XCConfigurationList;
			buildConfigurations = (
				733238842C10F8D7009B4A63 /* Debug */,
				733238852C10F8D7009B4A63 /* Release */,
			);
			defaultConfigurationIsVisible = 0;
			defaultConfigurationName = Release;
		};
		733238862C10F8D7009B4A63 /* Build configuration list for PBXNativeTarget "Red Or Black" */ = {
			isa = XCConfigurationList;
			buildConfigurations = (
				733238872C10F8D7009B4A63 /* Debug */,
				733238882C10F8D7009B4A63 /* Release */,
			);
			defaultConfigurationIsVisible = 0;
			defaultConfigurationName = Release;
		};
/* End XCConfigurationList section */

/* Begin XCRemoteSwiftPackageReference section */
		734A982C2C682CA8008AC513 /* XCRemoteSwiftPackageReference "swift-package-manager-google-mobile-ads" */ = {
			isa = XCRemoteSwiftPackageReference;
			repositoryURL = "https://github.com/googleads/swift-package-manager-google-mobile-ads.git";
			requirement = {
				kind = upToNextMajorVersion;
				minimumVersion = 11.7.0;
			};
		};
/* End XCRemoteSwiftPackageReference section */

/* Begin XCSwiftPackageProductDependency section */
		73B5C17B2C7CC10C00A213C6 /* GoogleMobileAds */ = {
			isa = XCSwiftPackageProductDependency;
			package = 734A982C2C682CA8008AC513 /* XCRemoteSwiftPackageReference "swift-package-manager-google-mobile-ads" */;
			productName = GoogleMobileAds;
		};
/* End XCSwiftPackageProductDependency section */
	};
	rootObject = 733238702C10F8D5009B4A63 /* Project object */;
}
